
Microsoft Visual Studio Solution File, Format Version 12.00
# Visual Studio Version 16
VisualStudioVersion = 16.0.31205.134
MinimumVisualStudioVersion = 10.0.40219.1
Project("{FAE04EC0-301F-11D3-BF4B-00C04F79EFBC}") = "week07-2", "week07-2\week07-2.csproj", "{DF0A02A9-CD7D-4971-80F7-78C9B5714E8B}"
EndProject
Global
	GlobalSection(SolutionConfigurationPlatforms) = preSolution
		Debug|Any CPU = Debug|Any CPU
		Release|Any CPU = Release|Any CPU
	EndGlobalSection
	GlobalSection(ProjectConfigurationPlatforms) = postSolution
		{DF0A02A9-CD7D-4971-80F7-78C9B5714E8B}.Debug|Any CPU.ActiveCfg = Debug|Any CPU
		{DF0A02A9-CD7D-4971-80F7-78C9B5714E8B}.Debug|Any CPU.Build.0 = Debug|Any CPU
		{DF0A02A9-CD7D-4971-80F7-78C9B5714E8B}.Release|Any CPU.ActiveCfg = Release|Any CPU
		{DF0A02A9-CD7D-4971-80F7-78C9B5714E8B}.Release|Any CPU.Build.0 = Release|Any CPU
	EndGlobalSection
	GlobalSection(SolutionProperties) = preSolution
		HideSolutionNode = FALSE
	EndGlobalSection
	GlobalSection(ExtensibilityGlobals) = postSolution
		SolutionGuid = {7A202D8E-BC94-4161-BE29-2B429FF4AE84}
	EndGlobalSection
EndGlobal
